
Microsoft Visual Studio Solution File, Format Version 12.00
# Visual Studio 2013
Project("{FAE04EC0-301F-11D3-BF4B-00C04F79EFBC}") = "Test563.CSharp", "Test563.CSharp.csproj", "{3032B678-0B9D-FAA3-1142-E69F38DAE232}"
EndProject
Project("{FAE04EC0-301F-11D3-BF4B-00C04F79EFBC}") = "Test563.CSharp.Editor", "Test563.CSharp.Editor.csproj", "{A0377705-DBAF-B220-FDC1-0E95518E0AB6}"
EndProject
Global
	GlobalSection(SolutionConfigurationPlatforms) = preSolution
		Debug|Any CPU = Debug|Any CPU
		Release|Any CPU = Release|Any CPU
	EndGlobalSection
	GlobalSection(ProjectConfigurationPlatforms) = postSolution
		{3032B678-0B9D-FAA3-1142-E69F38DAE232}.Debug|Any CPU.ActiveCfg = Debug|Any CPU
		{3032B678-0B9D-FAA3-1142-E69F38DAE232}.Debug|Any CPU.Build.0 = Debug|Any CPU
		{3032B678-0B9D-FAA3-1142-E69F38DAE232}.Release|Any CPU.ActiveCfg = Release|Any CPU
		{3032B678-0B9D-FAA3-1142-E69F38DAE232}.Release|Any CPU.Build.0 = Release|Any CPU
		{A0377705-DBAF-B220-FDC1-0E95518E0AB6}.Debug|Any CPU.ActiveCfg = Debug|Any CPU
		{A0377705-DBAF-B220-FDC1-0E95518E0AB6}.Debug|Any CPU.Build.0 = Debug|Any CPU
		{A0377705-DBAF-B220-FDC1-0E95518E0AB6}.Release|Any CPU.ActiveCfg = Release|Any CPU
		{A0377705-DBAF-B220-FDC1-0E95518E0AB6}.Release|Any CPU.Build.0 = Release|Any CPU
	EndGlobalSection
	GlobalSection(SolutionProperties) = preSolution
		HideSolutionNode = FALSE
	EndGlobalSection
EndGlobal
